
Microsoft Visual Studio Solution File, Format Version 12.00
# Visual Studio 2012
Project("{FAE04EC0-301F-11D3-BF4B-00C04F79EFBC}") = "calculator smal", "calculator smal\calculator smal.csproj", "{46395BE8-C798-4A72-ABC4-4119EC6E8AF1}"
EndProject
Global
	GlobalSection(SolutionConfigurationPlatforms) = preSolution
		Debug|Any CPU = Debug|Any CPU
		Release|Any CPU = Release|Any CPU
	EndGlobalSection
	GlobalSection(ProjectConfigurationPlatforms) = postSolution
		{46395BE8-C798-4A72-ABC4-4119EC6E8AF1}.Debug|Any CPU.ActiveCfg = Debug|Any CPU
		{46395BE8-C798-4A72-ABC4-4119EC6E8AF1}.Debug|Any CPU.Build.0 = Debug|Any CPU
		{46395BE8-C798-4A72-ABC4-4119EC6E8AF1}.Release|Any CPU.ActiveCfg = Release|Any CPU
		{46395BE8-C798-4A72-ABC4-4119EC6E8AF1}.Release|Any CPU.Build.0 = Release|Any CPU
	EndGlobalSection
	GlobalSection(SolutionProperties) = preSolution
		HideSolutionNode = FALSE
	EndGlobalSection
EndGlobal
